// !$*UTF8*$!
{
	archiveVersion = 1;
	classes = {
	};
	objectVersion = 54;
	objects = {

/* Begin PBXBuildFile section */
		000CCA0D25B730CB00395714 /* 50-PowxN.swift in Sources */ = {isa = PBXBuildFile; fileRef = 000CCA0C25B730CB00395714 /* 50-PowxN.swift */; };
		0010FD1825AF4F0900AD5238 /* 239-SlidingWindowMaximum.swift in Sources */ = {isa = PBXBuildFile; fileRef = 0010FD1725AF4F0900AD5238 /* 239-SlidingWindowMaximum.swift */; };
		004E45E025CAF41900FACAF3 /* 704-BinarySearch.swift in Sources */ = {isa = PBXBuildFile; fileRef = 004E45DF25CAF41900FACAF3 /* 704-BinarySearch.swift */; };
		004E45E325CAFE6D00FACAF3 /* 34-FindFirstAndLastPositionOfElementInSortedArray.swift in Sources */ = {isa = PBXBuildFile; fileRef = 004E45E225CAFE6D00FACAF3 /* 34-FindFirstAndLastPositionOfElementInSortedArray.swift */; };
		004E45E725CB0A2400FACAF3 /* 35-SearchInsertPosition.swift in Sources */ = {isa = PBXBuildFile; fileRef = 004E45E625CB0A2400FACAF3 /* 35-SearchInsertPosition.swift */; };
		0053606425C302B40086C0F0 /* 652-FindDuplicateSubtrees.swift in Sources */ = {isa = PBXBuildFile; fileRef = 0053606325C302B40086C0F0 /* 652-FindDuplicateSubtrees.swift */; };
		008F335425B5DC6F008C085F /* 235-LowestCommonAncestorOfaBinarySearchTree.swift in Sources */ = {isa = PBXBuildFile; fileRef = 008F335325B5DC6F008C085F /* 235-LowestCommonAncestorOfaBinarySearchTree.swift */; };
		008F335725B5E045008C085F /* 236-LowestCommonAncestorOfaBinaryTree.swift in Sources */ = {isa = PBXBuildFile; fileRef = 008F335625B5E045008C085F /* 236-LowestCommonAncestorOfaBinaryTree.swift */; };
		008F335B25B5E378008C085F /* 226-InvertBinaryTree.swift in Sources */ = {isa = PBXBuildFile; fileRef = 008F335A25B5E378008C085F /* 226-InvertBinaryTree.swift */; };
		0095F1E725C856C40002CF48 /* 69-Sqrtx.swift in Sources */ = {isa = PBXBuildFile; fileRef = 0095F1E625C856C40002CF48 /* 69-Sqrtx.swift */; };
		00E1E82F25C0640C00D0C68B /* 230-KthSmallestElementInBST.swift in Sources */ = {isa = PBXBuildFile; fileRef = 00E1E82E25C0640C00D0C68B /* 230-KthSmallestElementInBST.swift */; };
		00ED381025ACA02100922044 /* Stack.swift in Sources */ = {isa = PBXBuildFile; fileRef = 00ED380F25ACA02100922044 /* Stack.swift */; };
		00ED381325ACA25F00922044 /* 225-MyStack.swift in Sources */ = {isa = PBXBuildFile; fileRef = 00ED381225ACA25F00922044 /* 225-MyStack.swift */; };
		00ED381625ACA2BA00922044 /* 232-MyQueue.swift in Sources */ = {isa = PBXBuildFile; fileRef = 00ED381525ACA2BA00922044 /* 232-MyQueue.swift */; };
		00F56B5625B9D5CB002C0D56 /* 104-MaximumDepthOfBinaryTree.swift in Sources */ = {isa = PBXBuildFile; fileRef = 00F56B5525B9D5CB002C0D56 /* 104-MaximumDepthOfBinaryTree.swift */; };
		00F56B5A25B9DB77002C0D56 /* 111-MinimumDepthOfBinaryTree.swift in Sources */ = {isa = PBXBuildFile; fileRef = 00F56B5925B9DB77002C0D56 /* 111-MinimumDepthOfBinaryTree.swift */; };
		041179C524C5607600E62BC7 /* main.swift in Sources */ = {isa = PBXBuildFile; fileRef = 041179C424C5607600E62BC7 /* main.swift */; };
		041A098425B43BA2007FD85E /* 98-ValidateBinarySearchTree.swift in Sources */ = {isa = PBXBuildFile; fileRef = 041A098325B43BA2007FD85E /* 98-ValidateBinarySearchTree.swift */; };
		0439EE9125BED41E009BA9B6 /* 297-SerializeAndDeserializeBinaryTree.swift in Sources */ = {isa = PBXBuildFile; fileRef = 0439EE9025BED41E009BA9B6 /* 297-SerializeAndDeserializeBinaryTree.swift */; };
		04585CD425BC44A60071145B /* 116-PopulatingNextRightPointersInEachNode.swift.swift in Sources */ = {isa = PBXBuildFile; fileRef = 04585CD325BC44A60071145B /* 116-PopulatingNextRightPointersInEachNode.swift.swift */; };
		04585CD925BC73DF0071145B /* 117-PopulatingNextRightPointersInEachNodeII.swift.swift in Sources */ = {isa = PBXBuildFile; fileRef = 04585CD825BC73DF0071145B /* 117-PopulatingNextRightPointersInEachNodeII.swift.swift */; };
		04585CDE25BD9D620071145B /* 654-MaximumBinaryTree.swift in Sources */ = {isa = PBXBuildFile; fileRef = 04585CDD25BD9D620071145B /* 654-MaximumBinaryTree.swift */; };
		04585CE125BD9E320071145B /* 105-ConstructBinaryTreeFromPreorderAndInorderTraversal.swift in Sources */ = {isa = PBXBuildFile; fileRef = 04585CE025BD9E320071145B /* 105-ConstructBinaryTreeFromPreorderAndInorderTraversal.swift */; };
		04585CE525BD9E9C0071145B /* 106-ConstructBinaryTreeFromInorderAndPostorderTraversal.swift in Sources */ = {isa = PBXBuildFile; fileRef = 04585CE425BD9E9C0071145B /* 106-ConstructBinaryTreeFromInorderAndPostorderTraversal.swift */; };
		045ACD1D25C1BB4D00F538B2 /* 538-ConvertBSTToGreaterTree.swift in Sources */ = {isa = PBXBuildFile; fileRef = 045ACD1C25C1BB4D00F538B2 /* 538-ConvertBSTToGreaterTree.swift */; };
		045ACD2125C1C00000F538B2 /* 450-DeleteNodeInBST.swift in Sources */ = {isa = PBXBuildFile; fileRef = 045ACD2025C1C00000F538B2 /* 450-DeleteNodeInBST.swift */; };
		045ACD2625C282A500F538B2 /* 103-BinaryTreeZigzagLevelOrderTraversal.swift in Sources */ = {isa = PBXBuildFile; fileRef = 045ACD2525C282A500F538B2 /* 103-BinaryTreeZigzagLevelOrderTraversal.swift */; };
		045AD07F25C51CE200F538B2 /* 257-BinaryTreePaths.swift in Sources */ = {isa = PBXBuildFile; fileRef = 045AD07E25C51CE200F538B2 /* 257-BinaryTreePaths.swift */; };
		045AD08325C5237A00F538B2 /* 112-PathSum.swift in Sources */ = {isa = PBXBuildFile; fileRef = 045AD08225C5237A00F538B2 /* 112-PathSum.swift */; };
		047C6A6325ADB6FE002EB275 /* 703-KthLargest.swift in Sources */ = {isa = PBXBuildFile; fileRef = 047C6A6225ADB6FE002EB275 /* 703-KthLargest.swift */; };
		049613D325BAEB5B0025F0E2 /* 114-FlattenBinaryTreeToLinkedListSubmissions.swift in Sources */ = {isa = PBXBuildFile; fileRef = 049613D225BAEB5B0025F0E2 /* 114-FlattenBinaryTreeToLinkedListSubmissions.swift */; };
		049B335F25B7EF41002157E6 /* 102-BinaryTreeLevelOrderTraversal.swift in Sources */ = {isa = PBXBuildFile; fileRef = 049B335E25B7EF41002157E6 /* 102-BinaryTreeLevelOrderTraversal.swift */; };
		04D12BCC25AAD81F00909FAD /* Hash.swift in Sources */ = {isa = PBXBuildFile; fileRef = 04D12BC925AAD81F00909FAD /* Hash.swift */; };
		04D12BCD25AAD81F00909FAD /* Link.swift in Sources */ = {isa = PBXBuildFile; fileRef = 04D12BCA25AAD81F00909FAD /* Link.swift */; };
		04D12BCE25AAD81F00909FAD /* Tree.swift in Sources */ = {isa = PBXBuildFile; fileRef = 04D12BCB25AAD81F00909FAD /* Tree.swift */; };
		04D12BD225AADAC700909FAD /* 206-ReverseList.swift in Sources */ = {isa = PBXBuildFile; fileRef = 04D12BD125AADAC700909FAD /* 206-ReverseList.swift */; };
		04D12BD725AB17BB00909FAD /* 24-SwapPairs.swift in Sources */ = {isa = PBXBuildFile; fileRef = 04D12BD625AB17BB00909FAD /* 24-SwapPairs.swift */; };
		04D12BDB25AB211B00909FAD /* 141-HasCycle.swift in Sources */ = {isa = PBXBuildFile; fileRef = 04D12BDA25AB211B00909FAD /* 141-HasCycle.swift */; };
		04D12BDF25AB333000909FAD /* 142-DetectCycle.swift in Sources */ = {isa = PBXBuildFile; fileRef = 04D12BDE25AB333000909FAD /* 142-DetectCycle.swift */; };
		04D12BE225AB3D1200909FAD /* 25-ReverseKGroup.swift in Sources */ = {isa = PBXBuildFile; fileRef = 04D12BE125AB3D1200909FAD /* 25-ReverseKGroup.swift */; };
		04D12BE725AC17CD00909FAD /* 20-IsValid.swift in Sources */ = {isa = PBXBuildFile; fileRef = 04D12BE625AC17CD00909FAD /* 20-IsValid.swift */; };
		04E46ED225B1E1A800ABD464 /* PriorityQueue.swift in Sources */ = {isa = PBXBuildFile; fileRef = 04E46ED125B1E1A800ABD464 /* PriorityQueue.swift */; };
		04FA5EC425CBB32400CC4AF2 /* 70-ClimbingStairs.swift in Sources */ = {isa = PBXBuildFile; fileRef = 04FA5EC325CBB32400CC4AF2 /* 70-ClimbingStairs.swift */; };
/* End PBXBuildFile section */

/* Begin PBXCopyFilesBuildPhase section */
		041179BF24C5607600E62BC7 /* CopyFiles */ = {
			isa = PBXCopyFilesBuildPhase;
			buildActionMask = 2147483647;
			dstPath = /usr/share/man/man1/;
			dstSubfolderSpec = 0;
			files = (
			);
			runOnlyForDeploymentPostprocessing = 1;
		};
/* End PBXCopyFilesBuildPhase section */

/* Begin PBXFileReference section */
		000CCA0C25B730CB00395714 /* 50-PowxN.swift */ = {isa = PBXFileReference; lastKnownFileType = sourcecode.swift; path = "50-PowxN.swift"; sourceTree = "<group>"; };
		0010FD1725AF4F0900AD5238 /* 239-SlidingWindowMaximum.swift */ = {isa = PBXFileReference; lastKnownFileType = sourcecode.swift; path = "239-SlidingWindowMaximum.swift"; sourceTree = "<group>"; };
		004E45DF25CAF41900FACAF3 /* 704-BinarySearch.swift */ = {isa = PBXFileReference; lastKnownFileType = sourcecode.swift; path = "704-BinarySearch.swift"; sourceTree = "<group>"; };
		004E45E225CAFE6D00FACAF3 /* 34-FindFirstAndLastPositionOfElementInSortedArray.swift */ = {isa = PBXFileReference; lastKnownFileType = sourcecode.swift; path = "34-FindFirstAndLastPositionOfElementInSortedArray.swift"; sourceTree = "<group>"; };
		004E45E625CB0A2400FACAF3 /* 35-SearchInsertPosition.swift */ = {isa = PBXFileReference; lastKnownFileType = sourcecode.swift; path = "35-SearchInsertPosition.swift"; sourceTree = "<group>"; };
		0053606325C302B40086C0F0 /* 652-FindDuplicateSubtrees.swift */ = {isa = PBXFileReference; lastKnownFileType = sourcecode.swift; path = "652-FindDuplicateSubtrees.swift"; sourceTree = "<group>"; };
		008F335325B5DC6F008C085F /* 235-LowestCommonAncestorOfaBinarySearchTree.swift */ = {isa = PBXFileReference; lastKnownFileType = sourcecode.swift; path = "235-LowestCommonAncestorOfaBinarySearchTree.swift"; sourceTree = "<group>"; };
		008F335625B5E045008C085F /* 236-LowestCommonAncestorOfaBinaryTree.swift */ = {isa = PBXFileReference; lastKnownFileType = sourcecode.swift; path = "236-LowestCommonAncestorOfaBinaryTree.swift"; sourceTree = "<group>"; };
		008F335A25B5E378008C085F /* 226-InvertBinaryTree.swift */ = {isa = PBXFileReference; lastKnownFileType = sourcecode.swift; path = "226-InvertBinaryTree.swift"; sourceTree = "<group>"; };
		0095F1E625C856C40002CF48 /* 69-Sqrtx.swift */ = {isa = PBXFileReference; lastKnownFileType = sourcecode.swift; path = "69-Sqrtx.swift"; sourceTree = "<group>"; };
		00E1E82E25C0640C00D0C68B /* 230-KthSmallestElementInBST.swift */ = {isa = PBXFileReference; lastKnownFileType = sourcecode.swift; path = "230-KthSmallestElementInBST.swift"; sourceTree = "<group>"; };
		00ED380F25ACA02100922044 /* Stack.swift */ = {isa = PBXFileReference; lastKnownFileType = sourcecode.swift; path = Stack.swift; sourceTree = "<group>"; };
		00ED381225ACA25F00922044 /* 225-MyStack.swift */ = {isa = PBXFileReference; lastKnownFileType = sourcecode.swift; path = "225-MyStack.swift"; sourceTree = "<group>"; };
		00ED381525ACA2BA00922044 /* 232-MyQueue.swift */ = {isa = PBXFileReference; lastKnownFileType = sourcecode.swift; path = "232-MyQueue.swift"; sourceTree = "<group>"; };
		00F56B5525B9D5CB002C0D56 /* 104-MaximumDepthOfBinaryTree.swift */ = {isa = PBXFileReference; lastKnownFileType = sourcecode.swift; path = "104-MaximumDepthOfBinaryTree.swift"; sourceTree = "<group>"; };
		00F56B5925B9DB77002C0D56 /* 111-MinimumDepthOfBinaryTree.swift */ = {isa = PBXFileReference; lastKnownFileType = sourcecode.swift; path = "111-MinimumDepthOfBinaryTree.swift"; sourceTree = "<group>"; };
		041179C124C5607600E62BC7 /* AlgorithmPractice */ = {isa = PBXFileReference; explicitFileType = "compiled.mach-o.executable"; includeInIndex = 0; path = AlgorithmPractice; sourceTree = BUILT_PRODUCTS_DIR; };
		041179C424C5607600E62BC7 /* main.swift */ = {isa = PBXFileReference; lastKnownFileType = sourcecode.swift; path = main.swift; sourceTree = "<group>"; };
		041A098325B43BA2007FD85E /* 98-ValidateBinarySearchTree.swift */ = {isa = PBXFileReference; lastKnownFileType = sourcecode.swift; path = "98-ValidateBinarySearchTree.swift"; sourceTree = "<group>"; };
		0439EE9025BED41E009BA9B6 /* 297-SerializeAndDeserializeBinaryTree.swift */ = {isa = PBXFileReference; lastKnownFileType = sourcecode.swift; path = "297-SerializeAndDeserializeBinaryTree.swift"; sourceTree = "<group>"; };
		04585CD325BC44A60071145B /* 116-PopulatingNextRightPointersInEachNode.swift.swift */ = {isa = PBXFileReference; lastKnownFileType = sourcecode.swift; path = "116-PopulatingNextRightPointersInEachNode.swift.swift"; sourceTree = "<group>"; };
		04585CD825BC73DF0071145B /* 117-PopulatingNextRightPointersInEachNodeII.swift.swift */ = {isa = PBXFileReference; lastKnownFileType = sourcecode.swift; path = "117-PopulatingNextRightPointersInEachNodeII.swift.swift"; sourceTree = "<group>"; };
		04585CDD25BD9D620071145B /* 654-MaximumBinaryTree.swift */ = {isa = PBXFileReference; lastKnownFileType = sourcecode.swift; path = "654-MaximumBinaryTree.swift"; sourceTree = "<group>"; };
		04585CE025BD9E320071145B /* 105-ConstructBinaryTreeFromPreorderAndInorderTraversal.swift */ = {isa = PBXFileReference; lastKnownFileType = sourcecode.swift; path = "105-ConstructBinaryTreeFromPreorderAndInorderTraversal.swift"; sourceTree = "<group>"; };
		04585CE425BD9E9C0071145B /* 106-ConstructBinaryTreeFromInorderAndPostorderTraversal.swift */ = {isa = PBXFileReference; lastKnownFileType = sourcecode.swift; path = "106-ConstructBinaryTreeFromInorderAndPostorderTraversal.swift"; sourceTree = "<group>"; };
		045ACD1C25C1BB4D00F538B2 /* 538-ConvertBSTToGreaterTree.swift */ = {isa = PBXFileReference; lastKnownFileType = sourcecode.swift; path = "538-ConvertBSTToGreaterTree.swift"; sourceTree = "<group>"; };
		045ACD2025C1C00000F538B2 /* 450-DeleteNodeInBST.swift */ = {isa = PBXFileReference; lastKnownFileType = sourcecode.swift; path = "450-DeleteNodeInBST.swift"; sourceTree = "<group>"; };
		045ACD2525C282A500F538B2 /* 103-BinaryTreeZigzagLevelOrderTraversal.swift */ = {isa = PBXFileReference; lastKnownFileType = sourcecode.swift; path = "103-BinaryTreeZigzagLevelOrderTraversal.swift"; sourceTree = "<group>"; };
		045AD07E25C51CE200F538B2 /* 257-BinaryTreePaths.swift */ = {isa = PBXFileReference; lastKnownFileType = sourcecode.swift; path = "257-BinaryTreePaths.swift"; sourceTree = "<group>"; };
		045AD08225C5237A00F538B2 /* 112-PathSum.swift */ = {isa = PBXFileReference; lastKnownFileType = sourcecode.swift; path = "112-PathSum.swift"; sourceTree = "<group>"; };
		047C6A6225ADB6FE002EB275 /* 703-KthLargest.swift */ = {isa = PBXFileReference; lastKnownFileType = sourcecode.swift; path = "703-KthLargest.swift"; sourceTree = "<group>"; };
		049613D225BAEB5B0025F0E2 /* 114-FlattenBinaryTreeToLinkedListSubmissions.swift */ = {isa = PBXFileReference; lastKnownFileType = sourcecode.swift; path = "114-FlattenBinaryTreeToLinkedListSubmissions.swift"; sourceTree = "<group>"; };
		049B335E25B7EF41002157E6 /* 102-BinaryTreeLevelOrderTraversal.swift */ = {isa = PBXFileReference; lastKnownFileType = sourcecode.swift; path = "102-BinaryTreeLevelOrderTraversal.swift"; sourceTree = "<group>"; };
		04D12BC925AAD81F00909FAD /* Hash.swift */ = {isa = PBXFileReference; fileEncoding = 4; lastKnownFileType = sourcecode.swift; path = Hash.swift; sourceTree = "<group>"; };
		04D12BCA25AAD81F00909FAD /* Link.swift */ = {isa = PBXFileReference; fileEncoding = 4; lastKnownFileType = sourcecode.swift; path = Link.swift; sourceTree = "<group>"; };
		04D12BCB25AAD81F00909FAD /* Tree.swift */ = {isa = PBXFileReference; fileEncoding = 4; lastKnownFileType = sourcecode.swift; path = Tree.swift; sourceTree = "<group>"; };
		04D12BD125AADAC700909FAD /* 206-ReverseList.swift */ = {isa = PBXFileReference; lastKnownFileType = sourcecode.swift; path = "206-ReverseList.swift"; sourceTree = "<group>"; };
		04D12BD625AB17BB00909FAD /* 24-SwapPairs.swift */ = {isa = PBXFileReference; lastKnownFileType = sourcecode.swift; path = "24-SwapPairs.swift"; sourceTree = "<group>"; };
		04D12BDA25AB211B00909FAD /* 141-HasCycle.swift */ = {isa = PBXFileReference; lastKnownFileType = sourcecode.swift; path = "141-HasCycle.swift"; sourceTree = "<group>"; };
		04D12BDE25AB333000909FAD /* 142-DetectCycle.swift */ = {isa = PBXFileReference; lastKnownFileType = sourcecode.swift; path = "142-DetectCycle.swift"; sourceTree = "<group>"; };
		04D12BE125AB3D1200909FAD /* 25-ReverseKGroup.swift */ = {isa = PBXFileReference; lastKnownFileType = sourcecode.swift; path = "25-ReverseKGroup.swift"; sourceTree = "<group>"; };
		04D12BE625AC17CD00909FAD /* 20-IsValid.swift */ = {isa = PBXFileReference; lastKnownFileType = sourcecode.swift; path = "20-IsValid.swift"; sourceTree = "<group>"; };
		04E46ED125B1E1A800ABD464 /* PriorityQueue.swift */ = {isa = PBXFileReference; lastKnownFileType = sourcecode.swift; path = PriorityQueue.swift; sourceTree = "<group>"; };
		04FA5EC325CBB32400CC4AF2 /* 70-ClimbingStairs.swift */ = {isa = PBXFileReference; lastKnownFileType = sourcecode.swift; path = "70-ClimbingStairs.swift"; sourceTree = "<group>"; };
/* End PBXFileReference section */

/* Begin PBXFrameworksBuildPhase section */
		041179BE24C5607600E62BC7 /* Frameworks */ = {
			isa = PBXFrameworksBuildPhase;
			buildActionMask = 2147483647;
			files = (
			);
			runOnlyForDeploymentPostprocessing = 0;
		};
/* End PBXFrameworksBuildPhase section */

/* Begin PBXGroup section */
		041179B824C5607600E62BC7 = {
			isa = PBXGroup;
			children = (
				041179C324C5607600E62BC7 /* AlgorithmPractice */,
				041179C224C5607600E62BC7 /* Products */,
			);
			sourceTree = "<group>";
		};
		041179C224C5607600E62BC7 /* Products */ = {
			isa = PBXGroup;
			children = (
				041179C124C5607600E62BC7 /* AlgorithmPractice */,
			);
			name = Products;
			sourceTree = "<group>";
		};
		041179C324C5607600E62BC7 /* AlgorithmPractice */ = {
			isa = PBXGroup;
			children = (
				041179C424C5607600E62BC7 /* main.swift */,
				04D12BC725AAD81F00909FAD /* LeetCode-Go */,
				04D12BC825AAD81F00909FAD /* Structures */,
			);
			path = AlgorithmPractice;
			sourceTree = "<group>";
		};
		04D12BC725AAD81F00909FAD /* LeetCode-Go */ = {
			isa = PBXGroup;
			children = (
				04D12BE625AC17CD00909FAD /* 20-IsValid.swift */,
				04D12BD625AB17BB00909FAD /* 24-SwapPairs.swift */,
				04D12BE125AB3D1200909FAD /* 25-ReverseKGroup.swift */,
				004E45E225CAFE6D00FACAF3 /* 34-FindFirstAndLastPositionOfElementInSortedArray.swift */,
				004E45E625CB0A2400FACAF3 /* 35-SearchInsertPosition.swift */,
				000CCA0C25B730CB00395714 /* 50-PowxN.swift */,
				0095F1E625C856C40002CF48 /* 69-Sqrtx.swift */,
				04FA5EC325CBB32400CC4AF2 /* 70-ClimbingStairs.swift */,
				041A098325B43BA2007FD85E /* 98-ValidateBinarySearchTree.swift */,
				049B335E25B7EF41002157E6 /* 102-BinaryTreeLevelOrderTraversal.swift */,
				045ACD2525C282A500F538B2 /* 103-BinaryTreeZigzagLevelOrderTraversal.swift */,
				00F56B5525B9D5CB002C0D56 /* 104-MaximumDepthOfBinaryTree.swift */,
				04585CE025BD9E320071145B /* 105-ConstructBinaryTreeFromPreorderAndInorderTraversal.swift */,
				04585CE425BD9E9C0071145B /* 106-ConstructBinaryTreeFromInorderAndPostorderTraversal.swift */,
				00F56B5925B9DB77002C0D56 /* 111-MinimumDepthOfBinaryTree.swift */,
				045AD08225C5237A00F538B2 /* 112-PathSum.swift */,
				049613D225BAEB5B0025F0E2 /* 114-FlattenBinaryTreeToLinkedListSubmissions.swift */,
				04585CD325BC44A60071145B /* 116-PopulatingNextRightPointersInEachNode.swift.swift */,
				04585CD825BC73DF0071145B /* 117-PopulatingNextRightPointersInEachNodeII.swift.swift */,
				04D12BDA25AB211B00909FAD /* 141-HasCycle.swift */,
				04D12BDE25AB333000909FAD /* 142-DetectCycle.swift */,
				04D12BD125AADAC700909FAD /* 206-ReverseList.swift */,
				00ED381225ACA25F00922044 /* 225-MyStack.swift */,
				008F335A25B5E378008C085F /* 226-InvertBinaryTree.swift */,
				00E1E82E25C0640C00D0C68B /* 230-KthSmallestElementInBST.swift */,
				00ED381525ACA2BA00922044 /* 232-MyQueue.swift */,
				008F335325B5DC6F008C085F /* 235-LowestCommonAncestorOfaBinarySearchTree.swift */,
				008F335625B5E045008C085F /* 236-LowestCommonAncestorOfaBinaryTree.swift */,
				0010FD1725AF4F0900AD5238 /* 239-SlidingWindowMaximum.swift */,
				045AD07E25C51CE200F538B2 /* 257-BinaryTreePaths.swift */,
				0439EE9025BED41E009BA9B6 /* 297-SerializeAndDeserializeBinaryTree.swift */,
				045ACD2025C1C00000F538B2 /* 450-DeleteNodeInBST.swift */,
				045ACD1C25C1BB4D00F538B2 /* 538-ConvertBSTToGreaterTree.swift */,
				0053606325C302B40086C0F0 /* 652-FindDuplicateSubtrees.swift */,
				04585CDD25BD9D620071145B /* 654-MaximumBinaryTree.swift */,
				047C6A6225ADB6FE002EB275 /* 703-KthLargest.swift */,
				004E45DF25CAF41900FACAF3 /* 704-BinarySearch.swift */,
			);
			path = "LeetCode-Go";
			sourceTree = "<group>";
		};
		04D12BC825AAD81F00909FAD /* Structures */ = {
			isa = PBXGroup;
			children = (
				04D12BC925AAD81F00909FAD /* Hash.swift */,
				04D12BCA25AAD81F00909FAD /* Link.swift */,
				04D12BCB25AAD81F00909FAD /* Tree.swift */,
				00ED380F25ACA02100922044 /* Stack.swift */,
				04E46ED125B1E1A800ABD464 /* PriorityQueue.swift */,
			);
			path = Structures;
			sourceTree = "<group>";
		};
/* End PBXGroup section */

/* Begin PBXNativeTarget section */
		041179C024C5607600E62BC7 /* AlgorithmPractice */ = {
			isa = PBXNativeTarget;
			buildConfigurationList = 041179C824C5607600E62BC7 /* Build configuration list for PBXNativeTarget "AlgorithmPractice" */;
			buildPhases = (
				041179BD24C5607600E62BC7 /* Sources */,
				041179BE24C5607600E62BC7 /* Frameworks */,
				041179BF24C5607600E62BC7 /* CopyFiles */,
			);
			buildRules = (
			);
			dependencies = (
			);
			name = AlgorithmPractice;
			productName = AlgorithmPractice;
			productReference = 041179C124C5607600E62BC7 /* AlgorithmPractice */;
			productType = "com.apple.product-type.tool";
		};
/* End PBXNativeTarget section */

/* Begin PBXProject section */
		041179B924C5607600E62BC7 /* Project object */ = {
			isa = PBXProject;
			attributes = {
				LastSwiftUpdateCheck = 1150;
				LastUpgradeCheck = 1150;
				ORGANIZATIONNAME = Jeffrey;
				TargetAttributes = {
					041179C024C5607600E62BC7 = {
						CreatedOnToolsVersion = 11.5;
					};
				};
			};
			buildConfigurationList = 041179BC24C5607600E62BC7 /* Build configuration list for PBXProject "AlgorithmPractice" */;
			compatibilityVersion = "Xcode 12.0";
			developmentRegion = en;
			hasScannedForEncodings = 0;
			knownRegions = (
				en,
				Base,
			);
			mainGroup = 041179B824C5607600E62BC7;
			productRefGroup = 041179C224C5607600E62BC7 /* Products */;
			projectDirPath = "";
			projectRoot = "";
			targets = (
				041179C024C5607600E62BC7 /* AlgorithmPractice */,
			);
		};
/* End PBXProject section */

/* Begin PBXSourcesBuildPhase section */
		041179BD24C5607600E62BC7 /* Sources */ = {
			isa = PBXSourcesBuildPhase;
			buildActionMask = 2147483647;
			files = (
				04585CE525BD9E9C0071145B /* 106-ConstructBinaryTreeFromInorderAndPostorderTraversal.swift in Sources */,
				04585CD925BC73DF0071145B /* 117-PopulatingNextRightPointersInEachNodeII.swift.swift in Sources */,
				04D12BD725AB17BB00909FAD /* 24-SwapPairs.swift in Sources */,
				04D12BCD25AAD81F00909FAD /* Link.swift in Sources */,
				045AD07F25C51CE200F538B2 /* 257-BinaryTreePaths.swift in Sources */,
				04D12BCE25AAD81F00909FAD /* Tree.swift in Sources */,
				047C6A6325ADB6FE002EB275 /* 703-KthLargest.swift in Sources */,
				008F335725B5E045008C085F /* 236-LowestCommonAncestorOfaBinaryTree.swift in Sources */,
				04D12BDB25AB211B00909FAD /* 141-HasCycle.swift in Sources */,
				04E46ED225B1E1A800ABD464 /* PriorityQueue.swift in Sources */,
				0053606425C302B40086C0F0 /* 652-FindDuplicateSubtrees.swift in Sources */,
				008F335425B5DC6F008C085F /* 235-LowestCommonAncestorOfaBinarySearchTree.swift in Sources */,
				004E45E025CAF41900FACAF3 /* 704-BinarySearch.swift in Sources */,
				0439EE9125BED41E009BA9B6 /* 297-SerializeAndDeserializeBinaryTree.swift in Sources */,
				0010FD1825AF4F0900AD5238 /* 239-SlidingWindowMaximum.swift in Sources */,
				004E45E325CAFE6D00FACAF3 /* 34-FindFirstAndLastPositionOfElementInSortedArray.swift in Sources */,
				04D12BE725AC17CD00909FAD /* 20-IsValid.swift in Sources */,
				045AD08325C5237A00F538B2 /* 112-PathSum.swift in Sources */,
				00ED381025ACA02100922044 /* Stack.swift in Sources */,
				04585CE125BD9E320071145B /* 105-ConstructBinaryTreeFromPreorderAndInorderTraversal.swift in Sources */,
				04FA5EC425CBB32400CC4AF2 /* 70-ClimbingStairs.swift in Sources */,
				00F56B5625B9D5CB002C0D56 /* 104-MaximumDepthOfBinaryTree.swift in Sources */,
				045ACD1D25C1BB4D00F538B2 /* 538-ConvertBSTToGreaterTree.swift in Sources */,
				041A098425B43BA2007FD85E /* 98-ValidateBinarySearchTree.swift in Sources */,
				0095F1E725C856C40002CF48 /* 69-Sqrtx.swift in Sources */,
				049613D325BAEB5B0025F0E2 /* 114-FlattenBinaryTreeToLinkedListSubmissions.swift in Sources */,
				04D12BD225AADAC700909FAD /* 206-ReverseList.swift in Sources */,
				008F335B25B5E378008C085F /* 226-InvertBinaryTree.swift in Sources */,
				04D12BDF25AB333000909FAD /* 142-DetectCycle.swift in Sources */,
				00F56B5A25B9DB77002C0D56 /* 111-MinimumDepthOfBinaryTree.swift in Sources */,
				049B335F25B7EF41002157E6 /* 102-BinaryTreeLevelOrderTraversal.swift in Sources */,
				00ED381625ACA2BA00922044 /* 232-MyQueue.swift in Sources */,
				04585CD425BC44A60071145B /* 116-PopulatingNextRightPointersInEachNode.swift.swift in Sources */,
				045ACD2625C282A500F538B2 /* 103-BinaryTreeZigzagLevelOrderTraversal.swift in Sources */,
				004E45E725CB0A2400FACAF3 /* 35-SearchInsertPosition.swift in Sources */,
				041179C524C5607600E62BC7 /* main.swift in Sources */,
				04D12BCC25AAD81F00909FAD /* Hash.swift in Sources */,
				000CCA0D25B730CB00395714 /* 50-PowxN.swift in Sources */,
				00E1E82F25C0640C00D0C68B /* 230-KthSmallestElementInBST.swift in Sources */,
				04585CDE25BD9D620071145B /* 654-MaximumBinaryTree.swift in Sources */,
				045ACD2125C1C00000F538B2 /* 450-DeleteNodeInBST.swift in Sources */,
				00ED381325ACA25F00922044 /* 225-MyStack.swift in Sources */,
				04D12BE225AB3D1200909FAD /* 25-ReverseKGroup.swift in Sources */,
			);
			runOnlyForDeploymentPostprocessing = 0;
		};
/* End PBXSourcesBuildPhase section */

/* Begin XCBuildConfiguration section */
		041179C624C5607600E62BC7 /* Debug */ = {
			isa = XCBuildConfiguration;
			buildSettings = {
				ALWAYS_SEARCH_USER_PATHS = NO;
				CLANG_ANALYZER_NONNULL = YES;
				CLANG_ANALYZER_NUMBER_OBJECT_CONVERSION = YES_AGGRESSIVE;
				CLANG_CXX_LANGUAGE_STANDARD = "gnu++14";
				CLANG_CXX_LIBRARY = "libc++";
				CLANG_ENABLE_MODULES = YES;
				CLANG_ENABLE_OBJC_ARC = YES;
				CLANG_ENABLE_OBJC_WEAK = YES;
				CLANG_WARN_BLOCK_CAPTURE_AUTORELEASING = YES;
				CLANG_WARN_BOOL_CONVERSION = YES;
				CLANG_WARN_COMMA = YES;
				CLANG_WARN_CONSTANT_CONVERSION = YES;
				CLANG_WARN_DEPRECATED_OBJC_IMPLEMENTATIONS = YES;
				CLANG_WARN_DIRECT_OBJC_ISA_USAGE = YES_ERROR;
				CLANG_WARN_DOCUMENTATION_COMMENTS = YES;
				CLANG_WARN_EMPTY_BODY = YES;
				CLANG_WARN_ENUM_CONVERSION = YES;
				CLANG_WARN_INFINITE_RECURSION = YES;
				CLANG_WARN_INT_CONVERSION = YES;
				CLANG_WARN_NON_LITERAL_NULL_CONVERSION = YES;
				CLANG_WARN_OBJC_IMPLICIT_RETAIN_SELF = YES;
				CLANG_WARN_OBJC_LITERAL_CONVERSION = YES;
				CLANG_WARN_OBJC_ROOT_CLASS = YES_ERROR;
				CLANG_WARN_RANGE_LOOP_ANALYSIS = YES;
				CLANG_WARN_STRICT_PROTOTYPES = YES;
				CLANG_WARN_SUSPICIOUS_MOVE = YES;
				CLANG_WARN_UNGUARDED_AVAILABILITY = YES_AGGRESSIVE;
				CLANG_WARN_UNREACHABLE_CODE = YES;
				CLANG_WARN__DUPLICATE_METHOD_MATCH = YES;
				COPY_PHASE_STRIP = NO;
				DEBUG_INFORMATION_FORMAT = dwarf;
				ENABLE_STRICT_OBJC_MSGSEND = YES;
				ENABLE_TESTABILITY = YES;
				GCC_C_LANGUAGE_STANDARD = gnu11;
				GCC_DYNAMIC_NO_PIC = NO;
				GCC_NO_COMMON_BLOCKS = YES;
				GCC_OPTIMIZATION_LEVEL = 0;
				GCC_PREPROCESSOR_DEFINITIONS = (
					"DEBUG=1",
					"$(inherited)",
				);
				GCC_WARN_64_TO_32_BIT_CONVERSION = YES;
				GCC_WARN_ABOUT_RETURN_TYPE = YES_ERROR;
				GCC_WARN_UNDECLARED_SELECTOR = YES;
				GCC_WARN_UNINITIALIZED_AUTOS = YES_AGGRESSIVE;
				GCC_WARN_UNUSED_FUNCTION = YES;
				GCC_WARN_UNUSED_VARIABLE = YES;
				MACOSX_DEPLOYMENT_TARGET = 10.15;
				MTL_ENABLE_DEBUG_INFO = INCLUDE_SOURCE;
				MTL_FAST_MATH = YES;
				ONLY_ACTIVE_ARCH = YES;
				SDKROOT = macosx;
				SWIFT_ACTIVE_COMPILATION_CONDITIONS = DEBUG;
				SWIFT_OPTIMIZATION_LEVEL = "-Onone";
			};
			name = Debug;
		};
		041179C724C5607600E62BC7 /* Release */ = {
			isa = XCBuildConfiguration;
			buildSettings = {
				ALWAYS_SEARCH_USER_PATHS = NO;
				CLANG_ANALYZER_NONNULL = YES;
				CLANG_ANALYZER_NUMBER_OBJECT_CONVERSION = YES_AGGRESSIVE;
				CLANG_CXX_LANGUAGE_STANDARD = "gnu++14";
				CLANG_CXX_LIBRARY = "libc++";
				CLANG_ENABLE_MODULES = YES;
				CLANG_ENABLE_OBJC_ARC = YES;
				CLANG_ENABLE_OBJC_WEAK = YES;
				CLANG_WARN_BLOCK_CAPTURE_AUTORELEASING = YES;
				CLANG_WARN_BOOL_CONVERSION = YES;
				CLANG_WARN_COMMA = YES;
				CLANG_WARN_CONSTANT_CONVERSION = YES;
				CLANG_WARN_DEPRECATED_OBJC_IMPLEMENTATIONS = YES;
				CLANG_WARN_DIRECT_OBJC_ISA_USAGE = YES_ERROR;
				CLANG_WARN_DOCUMENTATION_COMMENTS = YES;
				CLANG_WARN_EMPTY_BODY = YES;
				CLANG_WARN_ENUM_CONVERSION = YES;
				CLANG_WARN_INFINITE_RECURSION = YES;
				CLANG_WARN_INT_CONVERSION = YES;
				CLANG_WARN_NON_LITERAL_NULL_CONVERSION = YES;
				CLANG_WARN_OBJC_IMPLICIT_RETAIN_SELF = YES;
				CLANG_WARN_OBJC_LITERAL_CONVERSION = YES;
				CLANG_WARN_OBJC_ROOT_CLASS = YES_ERROR;
				CLANG_WARN_RANGE_LOOP_ANALYSIS = YES;
				CLANG_WARN_STRICT_PROTOTYPES = YES;
				CLANG_WARN_SUSPICIOUS_MOVE = YES;
				CLANG_WARN_UNGUARDED_AVAILABILITY = YES_AGGRESSIVE;
				CLANG_WARN_UNREACHABLE_CODE = YES;
				CLANG_WARN__DUPLICATE_METHOD_MATCH = YES;
				COPY_PHASE_STRIP = NO;
				DEBUG_INFORMATION_FORMAT = "dwarf-with-dsym";
				ENABLE_NS_ASSERTIONS = NO;
				ENABLE_STRICT_OBJC_MSGSEND = YES;
				GCC_C_LANGUAGE_STANDARD = gnu11;
				GCC_NO_COMMON_BLOCKS = YES;
				GCC_WARN_64_TO_32_BIT_CONVERSION = YES;
				GCC_WARN_ABOUT_RETURN_TYPE = YES_ERROR;
				GCC_WARN_UNDECLARED_SELECTOR = YES;
				GCC_WARN_UNINITIALIZED_AUTOS = YES_AGGRESSIVE;
				GCC_WARN_UNUSED_FUNCTION = YES;
				GCC_WARN_UNUSED_VARIABLE = YES;
				MACOSX_DEPLOYMENT_TARGET = 10.15;
				MTL_ENABLE_DEBUG_INFO = NO;
				MTL_FAST_MATH = YES;
				SDKROOT = macosx;
				SWIFT_COMPILATION_MODE = wholemodule;
				SWIFT_OPTIMIZATION_LEVEL = "-O";
			};
			name = Release;
		};
		041179C924C5607600E62BC7 /* Debug */ = {
			isa = XCBuildConfiguration;
			buildSettings = {
				CODE_SIGN_STYLE = Automatic;
				PRODUCT_NAME = "$(TARGET_NAME)";
				SWIFT_VERSION = 5.0;
			};
			name = Debug;
		};
		041179CA24C5607600E62BC7 /* Release */ = {
			isa = XCBuildConfiguration;
			buildSettings = {
				CODE_SIGN_STYLE = Automatic;
				PRODUCT_NAME = "$(TARGET_NAME)";
				SWIFT_VERSION = 5.0;
			};
			name = Release;
		};
/* End XCBuildConfiguration section */

/* Begin XCConfigurationList section */
		041179BC24C5607600E62BC7 /* Build configuration list for PBXProject "AlgorithmPractice" */ = {
			isa = XCConfigurationList;
			buildConfigurations = (
				041179C624C5607600E62BC7 /* Debug */,
				041179C724C5607600E62BC7 /* Release */,
			);
			defaultConfigurationIsVisible = 0;
			defaultConfigurationName = Release;
		};
		041179C824C5607600E62BC7 /* Build configuration list for PBXNativeTarget "AlgorithmPractice" */ = {
			isa = XCConfigurationList;
			buildConfigurations = (
				041179C924C5607600E62BC7 /* Debug */,
				041179CA24C5607600E62BC7 /* Release */,
			);
			defaultConfigurationIsVisible = 0;
			defaultConfigurationName = Release;
		};
/* End XCConfigurationList section */
	};
	rootObject = 041179B924C5607600E62BC7 /* Project object */;
}
